
Microsoft Visual Studio Solution File, Format Version 12.00
# Visual Studio 15
VisualStudioVersion = 15.0.28307.960
MinimumVisualStudioVersion = 10.0.40219.1
Project("{2150E333-8FDC-42A3-9474-1A3956D46DE8}") = "2.engine", "2.engine", "{6ADB194D-8A03-4B4D-B652-28EF8189FCF9}"
	ProjectSection(SolutionItems) = preProject
		..\..\build_project_win.bat = ..\..\build_project_win.bat
		..\..\build_wasm.sh = ..\..\build_wasm.sh
		..\..\engine\CMakeLists.txt = ..\..\engine\CMakeLists.txt
	EndProjectSection
EndProject
Project("{2150E333-8FDC-42A3-9474-1A3956D46DE8}") = "5.document", "5.document", "{D4463310-268E-4190-9E63-25CD881DE96D}"
	ProjectSection(SolutionItems) = preProject
		..\..\..\doc\android按键值.txt = ..\..\..\doc\android按键值.txt
		..\..\..\doc\android编译.txt = ..\..\..\doc\android编译.txt
		..\..\..\doc\DDS格式.docx = ..\..\..\doc\DDS格式.docx
		..\..\..\doc\ETC格式.docx = ..\..\..\doc\ETC格式.docx
		..\..\..\doc\linux环境.docx = ..\..\..\doc\linux环境.docx
		..\..\..\doc\linux编译方式.txt = ..\..\..\doc\linux编译方式.txt
		..\..\..\doc\svn.txt = ..\..\..\doc\svn.txt
		..\..\..\doc\wasm编译方式.txt = ..\..\..\doc\wasm编译方式.txt
		..\..\..\doc\开发注意事项.txt = ..\..\..\doc\开发注意事项.txt
		..\..\..\doc\编码风格.txt = ..\..\..\doc\编码风格.txt
		..\..\..\doc\编译问题.txt = ..\..\..\doc\编译问题.txt
		..\..\..\doc\计划.txt = ..\..\..\doc\计划.txt
		..\..\..\doc\进度.txt = ..\..\..\doc\进度.txt
	EndProjectSection
EndProject
Project("{2150E333-8FDC-42A3-9474-1A3956D46DE8}") = "4.app", "4.app", "{793333D8-3C6F-4840-AFFC-5833D45FC36A}"
EndProject
Project("{2150E333-8FDC-42A3-9474-1A3956D46DE8}") = "1.libs", "1.libs", "{D9AEE199-F62C-4294-B8B2-FA014D4140A0}"
	ProjectSection(SolutionItems) = preProject
		..\..\engine\source\External\CMakeLists.txt = ..\..\engine\source\External\CMakeLists.txt
	EndProjectSection
EndProject
Project("{2150E333-8FDC-42A3-9474-1A3956D46DE8}") = "3.tools", "3.tools", "{1FCF86D9-A248-4ADE-B959-C29F53C98EE6}"
EndProject
Project("{2150E333-8FDC-42A3-9474-1A3956D46DE8}") = "shader", "shader", "{B44E53B6-C6FE-457B-9821-939A73F6D13B}"
EndProject
Project("{FAE04EC0-301F-11D3-BF4B-00C04F79EFBC}") = "Builder", "..\..\tools\Builder\Builder.csproj", "{D2C6FD95-A1F3-41C1-A159-8E75EF1F1670}"
EndProject
Project("{FAE04EC0-301F-11D3-BF4B-00C04F79EFBC}") = "Core", "..\..\tools\Core\Core.csproj", "{77EE4CA3-EE28-4A03-ABEE-D75DC1B27504}"
EndProject
Project("{FAE04EC0-301F-11D3-BF4B-00C04F79EFBC}") = "CubeMap", "..\..\tools\CubeMap\CubeMap.csproj", "{EF10A818-9AA4-4B71-B547-C13201CF64DE}"
EndProject
Project("{8BC9CEB8-8B4A-11D0-8D11-00A0C91BC942}") = "fighter", "..\..\app\fighter\project.win\fighter.vcxproj", "{61F72EA0-DB8F-4ADD-99BF-F0D5CF3BE557}"
EndProject
Project("{FAE04EC0-301F-11D3-BF4B-00C04F79EFBC}") = "CopyAsset", "..\..\tools\CopyAsset\CopyAsset.csproj", "{FBB577C2-7487-401B-B370-6419FEC3234C}"
EndProject
Project("{8BC9CEB8-8B4A-11D0-8D11-00A0C91BC942}") = "test", "..\..\app\test\project.win\test.vcxproj", "{FBC35C3C-2502-44BC-A7C8-210AED0CA185}"
EndProject
Project("{FAE04EC0-301F-11D3-BF4B-00C04F79EFBC}") = "Project", "..\..\tools\Project\Project.csproj", "{5C40E21D-A45B-4B48-B96C-71DD2B804C65}"
EndProject
Project("{2150E333-8FDC-42A3-9474-1A3956D46DE8}") = "lua", "lua", "{D678446C-0423-4480-938F-FCDDF6975AE1}"
	ProjectSection(SolutionItems) = preProject
		..\..\bin\assets\script\Framework.lua = ..\..\bin\assets\script\Framework.lua
		..\..\bin\assets\script\Main.lua = ..\..\bin\assets\script\Main.lua
	EndProjectSection
EndProject
Project("{2150E333-8FDC-42A3-9474-1A3956D46DE8}") = "base", "base", "{6584E0DF-8C8E-4534-8F48-06B5F5724F0D}"
	ProjectSection(SolutionItems) = preProject
		..\..\bin\assets\script\base\Bits.lua = ..\..\bin\assets\script\base\Bits.lua
		..\..\bin\assets\script\base\ByteArray.lua = ..\..\bin\assets\script\base\ByteArray.lua
		..\..\bin\assets\script\base\Class.lua = ..\..\bin\assets\script\base\Class.lua
		..\..\bin\assets\script\base\Log.lua = ..\..\bin\assets\script\base\Log.lua
		..\..\bin\assets\script\base\Struct.lua = ..\..\bin\assets\script\base\Struct.lua
	EndProjectSection
EndProject
Project("{2150E333-8FDC-42A3-9474-1A3956D46DE8}") = "utils", "utils", "{51AFB411-257D-402D-9D21-F38CA7ABEBAF}"
	ProjectSection(SolutionItems) = preProject
		..\..\bin\assets\script\utils\CommonUtil.lua = ..\..\bin\assets\script\utils\CommonUtil.lua
		..\..\bin\assets\script\utils\DateUtil.lua = ..\..\bin\assets\script\utils\DateUtil.lua
		..\..\bin\assets\script\utils\MathUtil.lua = ..\..\bin\assets\script\utils\MathUtil.lua
		..\..\bin\assets\script\utils\NumberUtil.lua = ..\..\bin\assets\script\utils\NumberUtil.lua
		..\..\bin\assets\script\utils\StringUtil.lua = ..\..\bin\assets\script\utils\StringUtil.lua
		..\..\bin\assets\script\utils\TableUtil.lua = ..\..\bin\assets\script\utils\TableUtil.lua
	EndProjectSection
EndProject
Project("{8BC9CEB8-8B4A-11D0-8D11-00A0C91BC942}") = "engine", "..\..\engine\source\engine.vcxproj", "{CC5A6385-0214-4596-9603-C5096C81CE80}"
EndProject
Project("{FAE04EC0-301F-11D3-BF4B-00C04F79EFBC}") = "ImageConvert", "..\..\tools\ImageConvert\ImageConvert.csproj", "{67B6109E-931E-49D9-AE86-5180B40F0250}"
EndProject
Project("{8BC9CEB8-8B4A-11D0-8D11-00A0C91BC942}") = "libbox2d", "..\..\engine\source\external\Box2D\proj.win32\libbox2d.vcxproj", "{929480E7-23C0-4DF6-8456-096D71547116}"
EndProject
Project("{8BC9CEB8-8B4A-11D0-8D11-00A0C91BC942}") = "libbullet", "..\..\engine\source\external\bullet\proj.win32\libbullet.vcxproj", "{012DFF48-A13F-4F52-B07B-F8B9D21CE95B}"
EndProject
Project("{8BC9CEB8-8B4A-11D0-8D11-00A0C91BC942}") = "libastc", "..\..\engine\source\external\astc\proj.win32\libastc.vcxproj", "{B196D047-772B-469B-A50E-77DF04A7F83A}"
EndProject
Project("{8BC9CEB8-8B4A-11D0-8D11-00A0C91BC942}") = "libdirectx", "..\..\engine\source\external\directx\proj.win32\libdirectx.vcxproj", "{07A13F19-470F-4AAD-94BA-0CAC9AE5BFC2}"
EndProject
Project("{8BC9CEB8-8B4A-11D0-8D11-00A0C91BC942}") = "libglfw", "..\..\engine\source\external\glfw\proj.win32\libglfw.vcxproj", "{8BF2B34E-DB2E-49E9-8991-0371AB438E73}"
EndProject
Project("{8BC9CEB8-8B4A-11D0-8D11-00A0C91BC942}") = "libglm", "..\..\engine\source\external\glm\proj.win32\libglm.vcxproj", "{A18A4A6C-E9B5-46EB-A6B4-755689A0D12A}"
EndProject
Project("{8BC9CEB8-8B4A-11D0-8D11-00A0C91BC942}") = "liblua", "..\..\engine\source\external\lua\lua\proj.win32\liblua.vcxproj", "{5134698A-7953-430B-8070-BF256CE827C6}"
EndProject
Project("{8BC9CEB8-8B4A-11D0-8D11-00A0C91BC942}") = "libopenal", "..\..\engine\source\external\openal\proj.win32\libopenal.vcxproj", "{ED42E672-4A22-49F4-BC76-6D734CB17719}"
EndProject
Project("{8BC9CEB8-8B4A-11D0-8D11-00A0C91BC942}") = "libspine", "..\..\engine\source\external\spine\proj.win32\libspine.vcxproj", "{B9F430F1-5090-440C-BEA4-C4429E2CF9E6}"
EndProject
Project("{8BC9CEB8-8B4A-11D0-8D11-00A0C91BC942}") = "libzlib", "..\..\engine\source\external\zlib\proj.win32\libzlib.vcxproj", "{B9E05D5D-13AC-40DD-BFF9-C3D08FFB0AB5}"
EndProject
Project("{8BC9CEB8-8B4A-11D0-8D11-00A0C91BC942}") = "libqrencode", "..\..\engine\source\external\qrencode\proj.win32\qrencode.vcxproj", "{AF98EFE9-49AF-4A2A-A3CB-5A46C4F3557F}"
EndProject
Project("{8BC9CEB8-8B4A-11D0-8D11-00A0C91BC942}") = "libcrypto", "..\..\engine\source\external\crypto\proj.win32\libcrypto.vcxproj", "{2D09ECD1-A465-4822-A5C6-975359077C08}"
EndProject
Project("{8BC9CEB8-8B4A-11D0-8D11-00A0C91BC942}") = "libfreetype", "..\..\engine\source\external\freetype\proj.win32\libfreetype.vcxproj", "{F6F12409-8C3E-4F0B-B028-CCE6C6D61D5D}"
EndProject
Project("{8BC9CEB8-8B4A-11D0-8D11-00A0C91BC942}") = "libglad", "..\..\engine\source\external\glad\proj.win32\libglad.vcxproj", "{7590FC01-7EE4-4EFC-BDE6-CFEEF6612E4E}"
EndProject
Project("{8BC9CEB8-8B4A-11D0-8D11-00A0C91BC942}") = "libtinyxml2", "..\..\engine\source\external\tinyxml2\proj.win32\libtinyxml2.vcxproj", "{DFAD8636-2562-471F-8F28-CC4B83A4DEE5}"
EndProject
Project("{8BC9CEB8-8B4A-11D0-8D11-00A0C91BC942}") = "libtinyexpr", "..\..\engine\source\external\tinyexpr\proj.win32\libtinyexpr.vcxproj", "{3DEA0315-73E4-41DC-8611-33D51164CCEA}"
EndProject
Project("{8BC9CEB8-8B4A-11D0-8D11-00A0C91BC942}") = "libetcpack", "..\..\engine\source\external\etcpack\proj.win32\libetcpack.vcxproj", "{D39CD76A-7FF6-42C9-994A-FA6CCEE74F53}"
EndProject
Project("{8BC9CEB8-8B4A-11D0-8D11-00A0C91BC942}") = "libiconv", "..\..\engine\source\external\iconv\proj.win32\libiconv.vcxproj", "{CA4F7B25-1E48-4F6E-96F8-162612437C54}"
EndProject
Project("{2150E333-8FDC-42A3-9474-1A3956D46DE8}") = "internal", "internal", "{74B03C9A-9A6E-45CE-9489-F9EEDC92D12C}"
	ProjectSection(SolutionItems) = preProject
		..\..\template\data\assets\internal\material\CGInclude.hlsli = ..\..\template\data\assets\internal\material\CGInclude.hlsli
		..\..\template\data\assets\internal\material\Character.hlsl = ..\..\template\data\assets\internal\material\Character.hlsl
		..\..\template\data\assets\internal\material\Character.shader = ..\..\template\data\assets\internal\material\Character.shader
		..\..\template\data\assets\internal\material\Default.hlsl = ..\..\template\data\assets\internal\material\Default.hlsl
		..\..\template\data\assets\internal\material\Default.shader = ..\..\template\data\assets\internal\material\Default.shader
		..\..\template\data\assets\internal\material\Diffuse.hlsl = ..\..\template\data\assets\internal\material\Diffuse.hlsl
		..\..\template\data\assets\internal\material\Diffuse.shader = ..\..\template\data\assets\internal\material\Diffuse.shader
		..\..\template\data\assets\internal\material\DiffuseTransparent.hlsl = ..\..\template\data\assets\internal\material\DiffuseTransparent.hlsl
		..\..\template\data\assets\internal\material\DiffuseTransparent.shader = ..\..\template\data\assets\internal\material\DiffuseTransparent.shader
		..\..\template\data\assets\internal\material\Geometry.hlsl = ..\..\template\data\assets\internal\material\Geometry.hlsl
		..\..\template\data\assets\internal\material\Geometry.shader = ..\..\template\data\assets\internal\material\Geometry.shader
		..\..\template\data\assets\internal\material\Gizmos.hlsl = ..\..\template\data\assets\internal\material\Gizmos.hlsl
		..\..\template\data\assets\internal\material\Gizmos.shader = ..\..\template\data\assets\internal\material\Gizmos.shader
		..\..\template\data\assets\internal\material\GUI.hlsl = ..\..\template\data\assets\internal\material\GUI.hlsl
		..\..\template\data\assets\internal\material\GUI.shader = ..\..\template\data\assets\internal\material\GUI.shader
		..\..\template\data\assets\internal\material\HDRToneMapping.hlsl = ..\..\template\data\assets\internal\material\HDRToneMapping.hlsl
		..\..\template\data\assets\internal\material\HDRToneMapping.shader = ..\..\template\data\assets\internal\material\HDRToneMapping.shader
		..\..\template\data\assets\internal\material\Line.hlsl = ..\..\template\data\assets\internal\material\Line.hlsl
		..\..\template\data\assets\internal\material\Line.shader = ..\..\template\data\assets\internal\material\Line.shader
		..\..\template\data\assets\internal\material\NormalMap.hlsl = ..\..\template\data\assets\internal\material\NormalMap.hlsl
		..\..\template\data\assets\internal\material\NormalMap.shader = ..\..\template\data\assets\internal\material\NormalMap.shader
		..\..\template\data\assets\internal\material\NormalMapSpec.hlsl = ..\..\template\data\assets\internal\material\NormalMapSpec.hlsl
		..\..\template\data\assets\internal\material\NormalMapSpec.shader = ..\..\template\data\assets\internal\material\NormalMapSpec.shader
		..\..\template\data\assets\internal\material\NormalMapSpecTransparent.shader = ..\..\template\data\assets\internal\material\NormalMapSpecTransparent.shader
		..\..\template\data\assets\internal\material\NormalMapTransparent.shader = ..\..\template\data\assets\internal\material\NormalMapTransparent.shader
		..\..\template\data\assets\internal\material\ParticleAdd.hlsl = ..\..\template\data\assets\internal\material\ParticleAdd.hlsl
		..\..\template\data\assets\internal\material\ParticleAdd.shader = ..\..\template\data\assets\internal\material\ParticleAdd.shader
		..\..\template\data\assets\internal\material\ParticleAlphaBlend.hlsl = ..\..\template\data\assets\internal\material\ParticleAlphaBlend.hlsl
		..\..\template\data\assets\internal\material\ParticleAlphaBlend.shader = ..\..\template\data\assets\internal\material\ParticleAlphaBlend.shader
		..\..\template\data\assets\internal\material\ParticleMultiply.hlsl = ..\..\template\data\assets\internal\material\ParticleMultiply.hlsl
		..\..\template\data\assets\internal\material\ParticleMultiply.shader = ..\..\template\data\assets\internal\material\ParticleMultiply.shader
		..\..\template\data\assets\internal\material\Point.hlsl = ..\..\template\data\assets\internal\material\Point.hlsl
		..\..\template\data\assets\internal\material\Point.shader = ..\..\template\data\assets\internal\material\Point.shader
		..\..\template\data\assets\internal\material\PointBillboard.hlsl = ..\..\template\data\assets\internal\material\PointBillboard.hlsl
		..\..\template\data\assets\internal\material\PointBillboard.shader = ..\..\template\data\assets\internal\material\PointBillboard.shader
		..\..\template\data\assets\internal\material\PointSprite.hlsl = ..\..\template\data\assets\internal\material\PointSprite.hlsl
		..\..\template\data\assets\internal\material\PointSprite.shader = ..\..\template\data\assets\internal\material\PointSprite.shader
		..\..\template\data\assets\internal\material\PostProcessBlit.hlsl = ..\..\template\data\assets\internal\material\PostProcessBlit.hlsl
		..\..\template\data\assets\internal\material\PostProcessBlit.shader = ..\..\template\data\assets\internal\material\PostProcessBlit.shader
		..\..\template\data\assets\internal\material\ReflectionProbe.hlsl = ..\..\template\data\assets\internal\material\ReflectionProbe.hlsl
		..\..\template\data\assets\internal\material\ReflectionProbe.shader = ..\..\template\data\assets\internal\material\ReflectionProbe.shader
		..\..\template\data\assets\internal\material\RenderDepthMap.hlsl = ..\..\template\data\assets\internal\material\RenderDepthMap.hlsl
		..\..\template\data\assets\internal\material\RenderDepthMap.shader = ..\..\template\data\assets\internal\material\RenderDepthMap.shader
		..\..\template\data\assets\internal\material\RenderDepthNormalMap.hlsl = ..\..\template\data\assets\internal\material\RenderDepthNormalMap.hlsl
		..\..\template\data\assets\internal\material\RenderDepthNormalMap.shader = ..\..\template\data\assets\internal\material\RenderDepthNormalMap.shader
		..\..\template\data\assets\internal\material\ShadowMap.hlsl = ..\..\template\data\assets\internal\material\ShadowMap.hlsl
		..\..\template\data\assets\internal\material\ShadowMap.shader = ..\..\template\data\assets\internal\material\ShadowMap.shader
		..\..\template\data\assets\internal\material\ShadowMapReceive.hlsl = ..\..\template\data\assets\internal\material\ShadowMapReceive.hlsl
		..\..\template\data\assets\internal\material\ShadowMapReceive.shader = ..\..\template\data\assets\internal\material\ShadowMapReceive.shader
		..\..\template\data\assets\internal\material\SkyBox.hlsl = ..\..\template\data\assets\internal\material\SkyBox.hlsl
		..\..\template\data\assets\internal\material\SkyBox.shader = ..\..\template\data\assets\internal\material\SkyBox.shader
		..\..\template\data\assets\internal\material\SkyBoxReflect.hlsl = ..\..\template\data\assets\internal\material\SkyBoxReflect.hlsl
		..\..\template\data\assets\internal\material\SkyBoxReflect.shader = ..\..\template\data\assets\internal\material\SkyBoxReflect.shader
		..\..\template\data\assets\internal\material\Spine.hlsl = ..\..\template\data\assets\internal\material\Spine.hlsl
		..\..\template\data\assets\internal\material\Spine.shader = ..\..\template\data\assets\internal\material\Spine.shader
		..\..\template\data\assets\internal\material\Sprite.hlsl = ..\..\template\data\assets\internal\material\Sprite.hlsl
		..\..\template\data\assets\internal\material\Sprite.shader = ..\..\template\data\assets\internal\material\Sprite.shader
		..\..\template\data\assets\internal\material\Standard.hlsl = ..\..\template\data\assets\internal\material\Standard.hlsl
		..\..\template\data\assets\internal\material\Standard.shader = ..\..\template\data\assets\internal\material\Standard.shader
		..\..\template\data\assets\internal\material\Terrain.hlsl = ..\..\template\data\assets\internal\material\Terrain.hlsl
		..\..\template\data\assets\internal\material\Terrain.shader = ..\..\template\data\assets\internal\material\Terrain.shader
		..\..\template\data\assets\internal\material\Terrain2.hlsl = ..\..\template\data\assets\internal\material\Terrain2.hlsl
		..\..\template\data\assets\internal\material\Terrain2.shader = ..\..\template\data\assets\internal\material\Terrain2.shader
		..\..\template\data\assets\internal\material\Terrain3.hlsl = ..\..\template\data\assets\internal\material\Terrain3.hlsl
		..\..\template\data\assets\internal\material\Terrain3.shader = ..\..\template\data\assets\internal\material\Terrain3.shader
		..\..\template\data\assets\internal\material\UI.hlsl = ..\..\template\data\assets\internal\material\UI.hlsl
		..\..\template\data\assets\internal\material\UI.shader = ..\..\template\data\assets\internal\material\UI.shader
		..\..\template\data\assets\internal\material\UnlitColor.hlsl = ..\..\template\data\assets\internal\material\UnlitColor.hlsl
		..\..\template\data\assets\internal\material\UnlitColor.shader = ..\..\template\data\assets\internal\material\UnlitColor.shader
		..\..\template\data\assets\internal\material\UnlitTexture.hlsl = ..\..\template\data\assets\internal\material\UnlitTexture.hlsl
		..\..\template\data\assets\internal\material\UnlitTexture.shader = ..\..\template\data\assets\internal\material\UnlitTexture.shader
		..\..\template\data\assets\internal\material\UnlitTextureCutoff.hlsl = ..\..\template\data\assets\internal\material\UnlitTextureCutoff.hlsl
		..\..\template\data\assets\internal\material\UnlitTextureCutoff.shader = ..\..\template\data\assets\internal\material\UnlitTextureCutoff.shader
		..\..\template\data\assets\internal\material\UnlitTextureInstance.hlsl = ..\..\template\data\assets\internal\material\UnlitTextureInstance.hlsl
		..\..\template\data\assets\internal\material\UnlitTextureInstance.shader = ..\..\template\data\assets\internal\material\UnlitTextureInstance.shader
		..\..\template\data\assets\internal\material\UnlitTransparent.hlsl = ..\..\template\data\assets\internal\material\UnlitTransparent.hlsl
		..\..\template\data\assets\internal\material\UnlitTransparent.shader = ..\..\template\data\assets\internal\material\UnlitTransparent.shader
		..\..\template\data\assets\internal\material\UnlitTransparentCutoffInstance.hlsl = ..\..\template\data\assets\internal\material\UnlitTransparentCutoffInstance.hlsl
		..\..\template\data\assets\internal\material\UnlitTransparentCutoffInstance.shader = ..\..\template\data\assets\internal\material\UnlitTransparentCutoffInstance.shader
		..\..\template\data\assets\internal\material\UnlitTransparentInstance.hlsl = ..\..\template\data\assets\internal\material\UnlitTransparentInstance.hlsl
		..\..\template\data\assets\internal\material\UnlitTransparentInstance.shader = ..\..\template\data\assets\internal\material\UnlitTransparentInstance.shader
		..\..\template\data\assets\internal\material\Water.hlsl = ..\..\template\data\assets\internal\material\Water.hlsl
		..\..\template\data\assets\internal\material\Water.shader = ..\..\template\data\assets\internal\material\Water.shader
	EndProjectSection
EndProject
Project("{8BC9CEB8-8B4A-11D0-8D11-00A0C91BC942}") = "libddsconv", "..\..\engine\source\external\ddsconv\proj.win32\libddsconv.vcxproj", "{3FB4BAA4-495B-4DA5-94CE-A1343BD76B9D}"
EndProject
Project("{8BC9CEB8-8B4A-11D0-8D11-00A0C91BC942}") = "libdirectxtex", "..\..\engine\source\external\directxtex\proj.win32\libdirectxtex.vcxproj", "{7AAE85F8-D902-4A18-9BF8-D1AE016B3414}"
EndProject
Project("{8BC9CEB8-8B4A-11D0-8D11-00A0C91BC942}") = "libtinystl", "..\..\engine\source\external\tinystl\proj.win32\libtinystl.vcxproj", "{83DD9A32-B2CB-4844-AF1B-D4713D352F8B}"
EndProject
Project("{8BC9CEB8-8B4A-11D0-8D11-00A0C91BC942}") = "libformat", "..\..\engine\source\external\format\proj.win32\libformat.vcxproj", "{05B3AF9A-8ADE-4701-8713-F057ACF55EFB}"
EndProject
Project("{8BC9CEB8-8B4A-11D0-8D11-00A0C91BC942}") = "libassimp", "..\..\engine\source\external\assimp\proj.win32\libassimp.vcxproj", "{5E9BB0E3-6402-4733-9BE2-8C0DCC193600}"
EndProject
Project("{8BC9CEB8-8B4A-11D0-8D11-00A0C91BC942}") = "libimgui", "..\..\engine\source\external\imgui\proj.win32\libimgui.vcxproj", "{95DCDEEB-0822-456C-BEA9-329CBDA54FC1}"
EndProject
Project("{8BC9CEB8-8B4A-11D0-8D11-00A0C91BC942}") = "editor", "..\..\engine\editor\project.win\editor.vcxproj", "{34999312-CEEA-4647-ADBF-B2F8E57B771F}"
EndProject
Project("{8BC9CEB8-8B4A-11D0-8D11-00A0C91BC942}") = "libyamlcpp", "..\..\engine\source\external\yamlcpp\proj.win32\libyamlcpp.vcxproj", "{3D48B1A2-71FA-46DB-8EFF-4812F3A10A16}"
EndProject
Project("{8BC9CEB8-8B4A-11D0-8D11-00A0C91BC942}") = "ImGuizmoSample", "..\..\engine\source\external\imgui\guizmo\example\ImGuizmoSample.vcxproj", "{A7359EC9-7DB5-44A1-91A5-38F499DA6D23}"
EndProject
Project("{2150E333-8FDC-42A3-9474-1A3956D46DE8}") = "PostProcess", "PostProcess", "{00C9D63A-C867-4962-810A-BB64AB8C7D94}"
	ProjectSection(SolutionItems) = preProject
		..\..\template\data\assets\internal\material\PostProcess\Bloom.hlsl = ..\..\template\data\assets\internal\material\PostProcess\Bloom.hlsl
		..\..\template\data\assets\internal\material\PostProcess\Bloom.shader = ..\..\template\data\assets\internal\material\PostProcess\Bloom.shader
		..\..\template\data\assets\internal\material\PostProcess\ColorAdjust.hlsl = ..\..\template\data\assets\internal\material\PostProcess\ColorAdjust.hlsl
		..\..\template\data\assets\internal\material\PostProcess\ColorAdjust.shader = ..\..\template\data\assets\internal\material\PostProcess\ColorAdjust.shader
		..\..\template\data\assets\internal\material\PostProcess\DepthOfField.hlsl = ..\..\template\data\assets\internal\material\PostProcess\DepthOfField.hlsl
		..\..\template\data\assets\internal\material\PostProcess\DepthOfField.material = ..\..\template\data\assets\internal\material\PostProcess\DepthOfField.material
		..\..\template\data\assets\internal\material\PostProcess\DepthOfField.shader = ..\..\template\data\assets\internal\material\PostProcess\DepthOfField.shader
		..\..\template\data\assets\internal\material\PostProcess\EdgeDetection.hlsl = ..\..\template\data\assets\internal\material\PostProcess\EdgeDetection.hlsl
		..\..\template\data\assets\internal\material\PostProcess\EdgeDetection.shader = ..\..\template\data\assets\internal\material\PostProcess\EdgeDetection.shader
		..\..\template\data\assets\internal\material\PostProcess\FXAA.hlsl = ..\..\template\data\assets\internal\material\PostProcess\FXAA.hlsl
		..\..\template\data\assets\internal\material\PostProcess\FXAA.material = ..\..\template\data\assets\internal\material\PostProcess\FXAA.material
		..\..\template\data\assets\internal\material\PostProcess\FXAA.shader = ..\..\template\data\assets\internal\material\PostProcess\FXAA.shader
		..\..\template\data\assets\internal\material\PostProcess\MotionBlur.hlsl = ..\..\template\data\assets\internal\material\PostProcess\MotionBlur.hlsl
		..\..\template\data\assets\internal\material\PostProcess\MotionBlur.material = ..\..\template\data\assets\internal\material\PostProcess\MotionBlur.material
		..\..\template\data\assets\internal\material\PostProcess\MotionBlur.shader = ..\..\template\data\assets\internal\material\PostProcess\MotionBlur.shader
		..\..\template\data\assets\internal\material\PostProcess\ShowDepthMap.hlsl = ..\..\template\data\assets\internal\material\PostProcess\ShowDepthMap.hlsl
		..\..\template\data\assets\internal\material\PostProcess\ShowDepthMap.shader = ..\..\template\data\assets\internal\material\PostProcess\ShowDepthMap.shader
		..\..\template\data\assets\internal\material\PostProcess\ShowDepthNormal.hlsl = ..\..\template\data\assets\internal\material\PostProcess\ShowDepthNormal.hlsl
		..\..\template\data\assets\internal\material\PostProcess\ShowDepthNormal.shader = ..\..\template\data\assets\internal\material\PostProcess\ShowDepthNormal.shader
		..\..\template\data\assets\internal\material\PostProcess\SimpleBlur.hlsl = ..\..\template\data\assets\internal\material\PostProcess\SimpleBlur.hlsl
		..\..\template\data\assets\internal\material\PostProcess\SimpleBlur.shader = ..\..\template\data\assets\internal\material\PostProcess\SimpleBlur.shader
	EndProjectSection
EndProject
Project("{2150E333-8FDC-42A3-9474-1A3956D46DE8}") = "object", "object", "{779F91F8-1612-4168-8763-38502B3E5CB4}"
	ProjectSection(SolutionItems) = preProject
		..\..\bin\assets\script\object\GameObject.lua = ..\..\bin\assets\script\object\GameObject.lua
		..\..\bin\assets\script\object\Player.lua = ..\..\bin\assets\script\object\Player.lua
		..\..\bin\assets\script\object\Role.lua = ..\..\bin\assets\script\object\Role.lua
	EndProjectSection
EndProject
Project("{8BC9CEB8-8B4A-11D0-8D11-00A0C91BC942}") = "libjson", "..\..\engine\source\external\json\proj.win32\libjson.vcxproj", "{64B56147-7D6C-4DE0-AD98-818BBB8F95ED}"
EndProject
Project("{8BC9CEB8-8B4A-11D0-8D11-00A0C91BC942}") = "libsoil2", "..\..\engine\source\external\soil2\proj.win32\libsoil2.vcxproj", "{37ECFCB6-A93B-4074-AE6A-A2153BA5F785}"
EndProject
Project("{8BC9CEB8-8B4A-11D0-8D11-00A0C91BC942}") = "libstb", "..\..\engine\source\external\stb\proj.win32\libstb.vcxproj", "{EEF858F3-4213-4AD1-8B5E-F96711C73375}"
EndProject
Project("{8BC9CEB8-8B4A-11D0-8D11-00A0C91BC942}") = "libutf8cpp", "..\..\engine\source\external\utf8cpp\proj.win32\libutf8cpp.vcxproj", "{3A5FE728-9B1B-45E0-9A3D-D8D6CC6D3789}"
EndProject
Global
	GlobalSection(SolutionConfigurationPlatforms) = preSolution
		Debug|Any CPU = Debug|Any CPU
		Debug|x64 = Debug|x64
		Debug|x86 = Debug|x86
		Release|Any CPU = Release|Any CPU
		Release|x64 = Release|x64
		Release|x86 = Release|x86
	EndGlobalSection
	GlobalSection(ProjectConfigurationPlatforms) = postSolution
		{D2C6FD95-A1F3-41C1-A159-8E75EF1F1670}.Debug|Any CPU.ActiveCfg = Debug|Any CPU
		{D2C6FD95-A1F3-41C1-A159-8E75EF1F1670}.Debug|Any CPU.Build.0 = Debug|Any CPU
		{D2C6FD95-A1F3-41C1-A159-8E75EF1F1670}.Debug|x64.ActiveCfg = Debug|Any CPU
		{D2C6FD95-A1F3-41C1-A159-8E75EF1F1670}.Debug|x64.Build.0 = Debug|Any CPU
		{D2C6FD95-A1F3-41C1-A159-8E75EF1F1670}.Debug|x86.ActiveCfg = Debug|Any CPU
		{D2C6FD95-A1F3-41C1-A159-8E75EF1F1670}.Debug|x86.Build.0 = Debug|Any CPU
		{D2C6FD95-A1F3-41C1-A159-8E75EF1F1670}.Release|Any CPU.ActiveCfg = Release|Any CPU
		{D2C6FD95-A1F3-41C1-A159-8E75EF1F1670}.Release|Any CPU.Build.0 = Release|Any CPU
		{D2C6FD95-A1F3-41C1-A159-8E75EF1F1670}.Release|x64.ActiveCfg = Release|Any CPU
		{D2C6FD95-A1F3-41C1-A159-8E75EF1F1670}.Release|x64.Build.0 = Release|Any CPU
		{D2C6FD95-A1F3-41C1-A159-8E75EF1F1670}.Release|x86.ActiveCfg = Release|Any CPU
		{D2C6FD95-A1F3-41C1-A159-8E75EF1F1670}.Release|x86.Build.0 = Release|Any CPU
		{77EE4CA3-EE28-4A03-ABEE-D75DC1B27504}.Debug|Any CPU.ActiveCfg = Debug|Any CPU
		{77EE4CA3-EE28-4A03-ABEE-D75DC1B27504}.Debug|Any CPU.Build.0 = Debug|Any CPU
		{77EE4CA3-EE28-4A03-ABEE-D75DC1B27504}.Debug|x64.ActiveCfg = Debug|Any CPU
		{77EE4CA3-EE28-4A03-ABEE-D75DC1B27504}.Debug|x64.Build.0 = Debug|Any CPU
		{77EE4CA3-EE28-4A03-ABEE-D75DC1B27504}.Debug|x86.ActiveCfg = Debug|Any CPU
		{77EE4CA3-EE28-4A03-ABEE-D75DC1B27504}.Debug|x86.Build.0 = Debug|Any CPU
		{77EE4CA3-EE28-4A03-ABEE-D75DC1B27504}.Release|Any CPU.ActiveCfg = Release|Any CPU
		{77EE4CA3-EE28-4A03-ABEE-D75DC1B27504}.Release|Any CPU.Build.0 = Release|Any CPU
		{77EE4CA3-EE28-4A03-ABEE-D75DC1B27504}.Release|x64.ActiveCfg = Release|Any CPU
		{77EE4CA3-EE28-4A03-ABEE-D75DC1B27504}.Release|x64.Build.0 = Release|Any CPU
		{77EE4CA3-EE28-4A03-ABEE-D75DC1B27504}.Release|x86.ActiveCfg = Release|Any CPU
		{77EE4CA3-EE28-4A03-ABEE-D75DC1B27504}.Release|x86.Build.0 = Release|Any CPU
		{EF10A818-9AA4-4B71-B547-C13201CF64DE}.Debug|Any CPU.ActiveCfg = Debug|Any CPU
		{EF10A818-9AA4-4B71-B547-C13201CF64DE}.Debug|Any CPU.Build.0 = Debug|Any CPU
		{EF10A818-9AA4-4B71-B547-C13201CF64DE}.Debug|x64.ActiveCfg = Debug|Any CPU
		{EF10A818-9AA4-4B71-B547-C13201CF64DE}.Debug|x64.Build.0 = Debug|Any CPU
		{EF10A818-9AA4-4B71-B547-C13201CF64DE}.Debug|x86.ActiveCfg = Debug|Any CPU
		{EF10A818-9AA4-4B71-B547-C13201CF64DE}.Debug|x86.Build.0 = Debug|Any CPU
		{EF10A818-9AA4-4B71-B547-C13201CF64DE}.Release|Any CPU.ActiveCfg = Release|Any CPU
		{EF10A818-9AA4-4B71-B547-C13201CF64DE}.Release|Any CPU.Build.0 = Release|Any CPU
		{EF10A818-9AA4-4B71-B547-C13201CF64DE}.Release|x64.ActiveCfg = Release|Any CPU
		{EF10A818-9AA4-4B71-B547-C13201CF64DE}.Release|x64.Build.0 = Release|Any CPU
		{EF10A818-9AA4-4B71-B547-C13201CF64DE}.Release|x86.ActiveCfg = Release|Any CPU
		{EF10A818-9AA4-4B71-B547-C13201CF64DE}.Release|x86.Build.0 = Release|Any CPU
		{61F72EA0-DB8F-4ADD-99BF-F0D5CF3BE557}.Debug|Any CPU.ActiveCfg = Debug|Win32
		{61F72EA0-DB8F-4ADD-99BF-F0D5CF3BE557}.Debug|x64.ActiveCfg = Debug|x64
		{61F72EA0-DB8F-4ADD-99BF-F0D5CF3BE557}.Debug|x64.Build.0 = Debug|x64
		{61F72EA0-DB8F-4ADD-99BF-F0D5CF3BE557}.Debug|x86.ActiveCfg = Debug|Win32
		{61F72EA0-DB8F-4ADD-99BF-F0D5CF3BE557}.Debug|x86.Build.0 = Debug|Win32
		{61F72EA0-DB8F-4ADD-99BF-F0D5CF3BE557}.Release|Any CPU.ActiveCfg = Release|Win32
		{61F72EA0-DB8F-4ADD-99BF-F0D5CF3BE557}.Release|x64.ActiveCfg = Release|x64
		{61F72EA0-DB8F-4ADD-99BF-F0D5CF3BE557}.Release|x64.Build.0 = Release|x64
		{61F72EA0-DB8F-4ADD-99BF-F0D5CF3BE557}.Release|x86.ActiveCfg = Release|Win32
		{61F72EA0-DB8F-4ADD-99BF-F0D5CF3BE557}.Release|x86.Build.0 = Release|Win32
		{FBB577C2-7487-401B-B370-6419FEC3234C}.Debug|Any CPU.ActiveCfg = Debug|Any CPU
		{FBB577C2-7487-401B-B370-6419FEC3234C}.Debug|Any CPU.Build.0 = Debug|Any CPU
		{FBB577C2-7487-401B-B370-6419FEC3234C}.Debug|x64.ActiveCfg = Debug|Any CPU
		{FBB577C2-7487-401B-B370-6419FEC3234C}.Debug|x64.Build.0 = Debug|Any CPU
		{FBB577C2-7487-401B-B370-6419FEC3234C}.Debug|x86.ActiveCfg = Debug|Any CPU
		{FBB577C2-7487-401B-B370-6419FEC3234C}.Debug|x86.Build.0 = Debug|Any CPU
		{FBB577C2-7487-401B-B370-6419FEC3234C}.Release|Any CPU.ActiveCfg = Release|Any CPU
		{FBB577C2-7487-401B-B370-6419FEC3234C}.Release|Any CPU.Build.0 = Release|Any CPU
		{FBB577C2-7487-401B-B370-6419FEC3234C}.Release|x64.ActiveCfg = Release|Any CPU
		{FBB577C2-7487-401B-B370-6419FEC3234C}.Release|x64.Build.0 = Release|Any CPU
		{FBB577C2-7487-401B-B370-6419FEC3234C}.Release|x86.ActiveCfg = Release|Any CPU
		{FBB577C2-7487-401B-B370-6419FEC3234C}.Release|x86.Build.0 = Release|Any CPU
		{FBC35C3C-2502-44BC-A7C8-210AED0CA185}.Debug|Any CPU.ActiveCfg = Debug|Win32
		{FBC35C3C-2502-44BC-A7C8-210AED0CA185}.Debug|x64.ActiveCfg = Debug|x64
		{FBC35C3C-2502-44BC-A7C8-210AED0CA185}.Debug|x64.Build.0 = Debug|x64
		{FBC35C3C-2502-44BC-A7C8-210AED0CA185}.Debug|x86.ActiveCfg = Debug|Win32
		{FBC35C3C-2502-44BC-A7C8-210AED0CA185}.Debug|x86.Build.0 = Debug|Win32
		{FBC35C3C-2502-44BC-A7C8-210AED0CA185}.Release|Any CPU.ActiveCfg = Release|Win32
		{FBC35C3C-2502-44BC-A7C8-210AED0CA185}.Release|x64.ActiveCfg = Release|x64
		{FBC35C3C-2502-44BC-A7C8-210AED0CA185}.Release|x64.Build.0 = Release|x64
		{FBC35C3C-2502-44BC-A7C8-210AED0CA185}.Release|x86.ActiveCfg = Release|Win32
		{FBC35C3C-2502-44BC-A7C8-210AED0CA185}.Release|x86.Build.0 = Release|Win32
		{5C40E21D-A45B-4B48-B96C-71DD2B804C65}.Debug|Any CPU.ActiveCfg = Debug|Any CPU
		{5C40E21D-A45B-4B48-B96C-71DD2B804C65}.Debug|Any CPU.Build.0 = Debug|Any CPU
		{5C40E21D-A45B-4B48-B96C-71DD2B804C65}.Debug|x64.ActiveCfg = Debug|Any CPU
		{5C40E21D-A45B-4B48-B96C-71DD2B804C65}.Debug|x64.Build.0 = Debug|Any CPU
		{5C40E21D-A45B-4B48-B96C-71DD2B804C65}.Debug|x86.ActiveCfg = Debug|Any CPU
		{5C40E21D-A45B-4B48-B96C-71DD2B804C65}.Debug|x86.Build.0 = Debug|Any CPU
		{5C40E21D-A45B-4B48-B96C-71DD2B804C65}.Release|Any CPU.ActiveCfg = Release|Any CPU
		{5C40E21D-A45B-4B48-B96C-71DD2B804C65}.Release|Any CPU.Build.0 = Release|Any CPU
		{5C40E21D-A45B-4B48-B96C-71DD2B804C65}.Release|x64.ActiveCfg = Release|Any CPU
		{5C40E21D-A45B-4B48-B96C-71DD2B804C65}.Release|x64.Build.0 = Release|Any CPU
		{5C40E21D-A45B-4B48-B96C-71DD2B804C65}.Release|x86.ActiveCfg = Release|Any CPU
		{5C40E21D-A45B-4B48-B96C-71DD2B804C65}.Release|x86.Build.0 = Release|Any CPU
		{CC5A6385-0214-4596-9603-C5096C81CE80}.Debug|Any CPU.ActiveCfg = Debug|Win32
		{CC5A6385-0214-4596-9603-C5096C81CE80}.Debug|x64.ActiveCfg = Debug|x64
		{CC5A6385-0214-4596-9603-C5096C81CE80}.Debug|x64.Build.0 = Debug|x64
		{CC5A6385-0214-4596-9603-C5096C81CE80}.Debug|x86.ActiveCfg = Debug|Win32
		{CC5A6385-0214-4596-9603-C5096C81CE80}.Debug|x86.Build.0 = Debug|Win32
		{CC5A6385-0214-4596-9603-C5096C81CE80}.Release|Any CPU.ActiveCfg = Release|Win32
		{CC5A6385-0214-4596-9603-C5096C81CE80}.Release|x64.ActiveCfg = Release|x64
		{CC5A6385-0214-4596-9603-C5096C81CE80}.Release|x64.Build.0 = Release|x64
		{CC5A6385-0214-4596-9603-C5096C81CE80}.Release|x86.ActiveCfg = Release|Win32
		{CC5A6385-0214-4596-9603-C5096C81CE80}.Release|x86.Build.0 = Release|Win32
		{67B6109E-931E-49D9-AE86-5180B40F0250}.Debug|Any CPU.ActiveCfg = Debug|x86
		{67B6109E-931E-49D9-AE86-5180B40F0250}.Debug|x64.ActiveCfg = Debug|x64
		{67B6109E-931E-49D9-AE86-5180B40F0250}.Debug|x64.Build.0 = Debug|x64
		{67B6109E-931E-49D9-AE86-5180B40F0250}.Debug|x86.ActiveCfg = Debug|x86
		{67B6109E-931E-49D9-AE86-5180B40F0250}.Debug|x86.Build.0 = Debug|x86
		{67B6109E-931E-49D9-AE86-5180B40F0250}.Release|Any CPU.ActiveCfg = Release|x86
		{67B6109E-931E-49D9-AE86-5180B40F0250}.Release|x64.ActiveCfg = Release|x64
		{67B6109E-931E-49D9-AE86-5180B40F0250}.Release|x64.Build.0 = Release|x64
		{67B6109E-931E-49D9-AE86-5180B40F0250}.Release|x86.ActiveCfg = Release|x86
		{67B6109E-931E-49D9-AE86-5180B40F0250}.Release|x86.Build.0 = Release|x86
		{929480E7-23C0-4DF6-8456-096D71547116}.Debug|Any CPU.ActiveCfg = Debug|Win32
		{929480E7-23C0-4DF6-8456-096D71547116}.Debug|x64.ActiveCfg = Debug|x64
		{929480E7-23C0-4DF6-8456-096D71547116}.Debug|x64.Build.0 = Debug|x64
		{929480E7-23C0-4DF6-8456-096D71547116}.Debug|x86.ActiveCfg = Debug|Win32
		{929480E7-23C0-4DF6-8456-096D71547116}.Debug|x86.Build.0 = Debug|Win32
		{929480E7-23C0-4DF6-8456-096D71547116}.Release|Any CPU.ActiveCfg = Release|Win32
		{929480E7-23C0-4DF6-8456-096D71547116}.Release|x64.ActiveCfg = Release|x64
		{929480E7-23C0-4DF6-8456-096D71547116}.Release|x64.Build.0 = Release|x64
		{929480E7-23C0-4DF6-8456-096D71547116}.Release|x86.ActiveCfg = Release|Win32
		{929480E7-23C0-4DF6-8456-096D71547116}.Release|x86.Build.0 = Release|Win32
		{012DFF48-A13F-4F52-B07B-F8B9D21CE95B}.Debug|Any CPU.ActiveCfg = Debug|Win32
		{012DFF48-A13F-4F52-B07B-F8B9D21CE95B}.Debug|x64.ActiveCfg = Debug|x64
		{012DFF48-A13F-4F52-B07B-F8B9D21CE95B}.Debug|x64.Build.0 = Debug|x64
		{012DFF48-A13F-4F52-B07B-F8B9D21CE95B}.Debug|x86.ActiveCfg = Debug|Win32
		{012DFF48-A13F-4F52-B07B-F8B9D21CE95B}.Debug|x86.Build.0 = Debug|Win32
		{012DFF48-A13F-4F52-B07B-F8B9D21CE95B}.Release|Any CPU.ActiveCfg = Release|Win32
		{012DFF48-A13F-4F52-B07B-F8B9D21CE95B}.Release|x64.ActiveCfg = Release|x64
		{012DFF48-A13F-4F52-B07B-F8B9D21CE95B}.Release|x64.Build.0 = Release|x64
		{012DFF48-A13F-4F52-B07B-F8B9D21CE95B}.Release|x86.ActiveCfg = Release|Win32
		{012DFF48-A13F-4F52-B07B-F8B9D21CE95B}.Release|x86.Build.0 = Release|Win32
		{B196D047-772B-469B-A50E-77DF04A7F83A}.Debug|Any CPU.ActiveCfg = Debug|Win32
		{B196D047-772B-469B-A50E-77DF04A7F83A}.Debug|x64.ActiveCfg = Debug|x64
		{B196D047-772B-469B-A50E-77DF04A7F83A}.Debug|x64.Build.0 = Debug|x64
		{B196D047-772B-469B-A50E-77DF04A7F83A}.Debug|x86.ActiveCfg = Debug|Win32
		{B196D047-772B-469B-A50E-77DF04A7F83A}.Debug|x86.Build.0 = Debug|Win32
		{B196D047-772B-469B-A50E-77DF04A7F83A}.Release|Any CPU.ActiveCfg = Release|Win32
		{B196D047-772B-469B-A50E-77DF04A7F83A}.Release|x64.ActiveCfg = Release|x64
		{B196D047-772B-469B-A50E-77DF04A7F83A}.Release|x64.Build.0 = Release|x64
		{B196D047-772B-469B-A50E-77DF04A7F83A}.Release|x86.ActiveCfg = Release|Win32
		{B196D047-772B-469B-A50E-77DF04A7F83A}.Release|x86.Build.0 = Release|Win32
		{07A13F19-470F-4AAD-94BA-0CAC9AE5BFC2}.Debug|Any CPU.ActiveCfg = Debug|Win32
		{07A13F19-470F-4AAD-94BA-0CAC9AE5BFC2}.Debug|x64.ActiveCfg = Debug|x64
		{07A13F19-470F-4AAD-94BA-0CAC9AE5BFC2}.Debug|x64.Build.0 = Debug|x64
		{07A13F19-470F-4AAD-94BA-0CAC9AE5BFC2}.Debug|x86.ActiveCfg = Debug|Win32
		{07A13F19-470F-4AAD-94BA-0CAC9AE5BFC2}.Debug|x86.Build.0 = Debug|Win32
		{07A13F19-470F-4AAD-94BA-0CAC9AE5BFC2}.Release|Any CPU.ActiveCfg = Release|Win32
		{07A13F19-470F-4AAD-94BA-0CAC9AE5BFC2}.Release|x64.ActiveCfg = Release|x64
		{07A13F19-470F-4AAD-94BA-0CAC9AE5BFC2}.Release|x64.Build.0 = Release|x64
		{07A13F19-470F-4AAD-94BA-0CAC9AE5BFC2}.Release|x86.ActiveCfg = Release|Win32
		{07A13F19-470F-4AAD-94BA-0CAC9AE5BFC2}.Release|x86.Build.0 = Release|Win32
		{8BF2B34E-DB2E-49E9-8991-0371AB438E73}.Debug|Any CPU.ActiveCfg = Debug|Win32
		{8BF2B34E-DB2E-49E9-8991-0371AB438E73}.Debug|x64.ActiveCfg = Debug|x64
		{8BF2B34E-DB2E-49E9-8991-0371AB438E73}.Debug|x64.Build.0 = Debug|x64
		{8BF2B34E-DB2E-49E9-8991-0371AB438E73}.Debug|x86.ActiveCfg = Debug|Win32
		{8BF2B34E-DB2E-49E9-8991-0371AB438E73}.Debug|x86.Build.0 = Debug|Win32
		{8BF2B34E-DB2E-49E9-8991-0371AB438E73}.Release|Any CPU.ActiveCfg = Release|Win32
		{8BF2B34E-DB2E-49E9-8991-0371AB438E73}.Release|x64.ActiveCfg = Release|x64
		{8BF2B34E-DB2E-49E9-8991-0371AB438E73}.Release|x64.Build.0 = Release|x64
		{8BF2B34E-DB2E-49E9-8991-0371AB438E73}.Release|x86.ActiveCfg = Release|Win32
		{8BF2B34E-DB2E-49E9-8991-0371AB438E73}.Release|x86.Build.0 = Release|Win32
		{A18A4A6C-E9B5-46EB-A6B4-755689A0D12A}.Debug|Any CPU.ActiveCfg = Debug|Win32
		{A18A4A6C-E9B5-46EB-A6B4-755689A0D12A}.Debug|x64.ActiveCfg = Debug|x64
		{A18A4A6C-E9B5-46EB-A6B4-755689A0D12A}.Debug|x64.Build.0 = Debug|x64
		{A18A4A6C-E9B5-46EB-A6B4-755689A0D12A}.Debug|x86.ActiveCfg = Debug|Win32
		{A18A4A6C-E9B5-46EB-A6B4-755689A0D12A}.Debug|x86.Build.0 = Debug|Win32
		{A18A4A6C-E9B5-46EB-A6B4-755689A0D12A}.Release|Any CPU.ActiveCfg = Release|Win32
		{A18A4A6C-E9B5-46EB-A6B4-755689A0D12A}.Release|x64.ActiveCfg = Release|x64
		{A18A4A6C-E9B5-46EB-A6B4-755689A0D12A}.Release|x64.Build.0 = Release|x64
		{A18A4A6C-E9B5-46EB-A6B4-755689A0D12A}.Release|x86.ActiveCfg = Release|Win32
		{A18A4A6C-E9B5-46EB-A6B4-755689A0D12A}.Release|x86.Build.0 = Release|Win32
		{5134698A-7953-430B-8070-BF256CE827C6}.Debug|Any CPU.ActiveCfg = Debug|Win32
		{5134698A-7953-430B-8070-BF256CE827C6}.Debug|x64.ActiveCfg = Debug|x64
		{5134698A-7953-430B-8070-BF256CE827C6}.Debug|x64.Build.0 = Debug|x64
		{5134698A-7953-430B-8070-BF256CE827C6}.Debug|x86.ActiveCfg = Debug|Win32
		{5134698A-7953-430B-8070-BF256CE827C6}.Debug|x86.Build.0 = Debug|Win32
		{5134698A-7953-430B-8070-BF256CE827C6}.Release|Any CPU.ActiveCfg = Release|Win32
		{5134698A-7953-430B-8070-BF256CE827C6}.Release|x64.ActiveCfg = Release|x64
		{5134698A-7953-430B-8070-BF256CE827C6}.Release|x64.Build.0 = Release|x64
		{5134698A-7953-430B-8070-BF256CE827C6}.Release|x86.ActiveCfg = Release|Win32
		{5134698A-7953-430B-8070-BF256CE827C6}.Release|x86.Build.0 = Release|Win32
		{ED42E672-4A22-49F4-BC76-6D734CB17719}.Debug|Any CPU.ActiveCfg = Debug|Win32
		{ED42E672-4A22-49F4-BC76-6D734CB17719}.Debug|x64.ActiveCfg = Debug|x64
		{ED42E672-4A22-49F4-BC76-6D734CB17719}.Debug|x64.Build.0 = Debug|x64
		{ED42E672-4A22-49F4-BC76-6D734CB17719}.Debug|x86.ActiveCfg = Debug|Win32
		{ED42E672-4A22-49F4-BC76-6D734CB17719}.Debug|x86.Build.0 = Debug|Win32
		{ED42E672-4A22-49F4-BC76-6D734CB17719}.Release|Any CPU.ActiveCfg = Release|Win32
		{ED42E672-4A22-49F4-BC76-6D734CB17719}.Release|x64.ActiveCfg = Release|x64
		{ED42E672-4A22-49F4-BC76-6D734CB17719}.Release|x64.Build.0 = Release|x64
		{ED42E672-4A22-49F4-BC76-6D734CB17719}.Release|x86.ActiveCfg = Release|Win32
		{ED42E672-4A22-49F4-BC76-6D734CB17719}.Release|x86.Build.0 = Release|Win32
		{B9F430F1-5090-440C-BEA4-C4429E2CF9E6}.Debug|Any CPU.ActiveCfg = Debug|Win32
		{B9F430F1-5090-440C-BEA4-C4429E2CF9E6}.Debug|x64.ActiveCfg = Debug|x64
		{B9F430F1-5090-440C-BEA4-C4429E2CF9E6}.Debug|x64.Build.0 = Debug|x64
		{B9F430F1-5090-440C-BEA4-C4429E2CF9E6}.Debug|x86.ActiveCfg = Debug|Win32
		{B9F430F1-5090-440C-BEA4-C4429E2CF9E6}.Debug|x86.Build.0 = Debug|Win32
		{B9F430F1-5090-440C-BEA4-C4429E2CF9E6}.Release|Any CPU.ActiveCfg = Release|Win32
		{B9F430F1-5090-440C-BEA4-C4429E2CF9E6}.Release|x64.ActiveCfg = Release|x64
		{B9F430F1-5090-440C-BEA4-C4429E2CF9E6}.Release|x64.Build.0 = Release|x64
		{B9F430F1-5090-440C-BEA4-C4429E2CF9E6}.Release|x86.ActiveCfg = Release|Win32
		{B9F430F1-5090-440C-BEA4-C4429E2CF9E6}.Release|x86.Build.0 = Release|Win32
		{B9E05D5D-13AC-40DD-BFF9-C3D08FFB0AB5}.Debug|Any CPU.ActiveCfg = Debug|Win32
		{B9E05D5D-13AC-40DD-BFF9-C3D08FFB0AB5}.Debug|x64.ActiveCfg = Debug|x64
		{B9E05D5D-13AC-40DD-BFF9-C3D08FFB0AB5}.Debug|x64.Build.0 = Debug|x64
		{B9E05D5D-13AC-40DD-BFF9-C3D08FFB0AB5}.Debug|x86.ActiveCfg = Debug|Win32
		{B9E05D5D-13AC-40DD-BFF9-C3D08FFB0AB5}.Debug|x86.Build.0 = Debug|Win32
		{B9E05D5D-13AC-40DD-BFF9-C3D08FFB0AB5}.Release|Any CPU.ActiveCfg = Release|Win32
		{B9E05D5D-13AC-40DD-BFF9-C3D08FFB0AB5}.Release|x64.ActiveCfg = Release|x64
		{B9E05D5D-13AC-40DD-BFF9-C3D08FFB0AB5}.Release|x64.Build.0 = Release|x64
		{B9E05D5D-13AC-40DD-BFF9-C3D08FFB0AB5}.Release|x86.ActiveCfg = Release|Win32
		{B9E05D5D-13AC-40DD-BFF9-C3D08FFB0AB5}.Release|x86.Build.0 = Release|Win32
		{AF98EFE9-49AF-4A2A-A3CB-5A46C4F3557F}.Debug|Any CPU.ActiveCfg = Debug|Win32
		{AF98EFE9-49AF-4A2A-A3CB-5A46C4F3557F}.Debug|x64.ActiveCfg = Debug|x64
		{AF98EFE9-49AF-4A2A-A3CB-5A46C4F3557F}.Debug|x64.Build.0 = Debug|x64
		{AF98EFE9-49AF-4A2A-A3CB-5A46C4F3557F}.Debug|x86.ActiveCfg = Debug|Win32
		{AF98EFE9-49AF-4A2A-A3CB-5A46C4F3557F}.Debug|x86.Build.0 = Debug|Win32
		{AF98EFE9-49AF-4A2A-A3CB-5A46C4F3557F}.Release|Any CPU.ActiveCfg = Release|Win32
		{AF98EFE9-49AF-4A2A-A3CB-5A46C4F3557F}.Release|x64.ActiveCfg = Release|x64
		{AF98EFE9-49AF-4A2A-A3CB-5A46C4F3557F}.Release|x64.Build.0 = Release|x64
		{AF98EFE9-49AF-4A2A-A3CB-5A46C4F3557F}.Release|x86.ActiveCfg = Release|Win32
		{AF98EFE9-49AF-4A2A-A3CB-5A46C4F3557F}.Release|x86.Build.0 = Release|Win32
		{2D09ECD1-A465-4822-A5C6-975359077C08}.Debug|Any CPU.ActiveCfg = Debug|Win32
		{2D09ECD1-A465-4822-A5C6-975359077C08}.Debug|x64.ActiveCfg = Debug|x64
		{2D09ECD1-A465-4822-A5C6-975359077C08}.Debug|x64.Build.0 = Debug|x64
		{2D09ECD1-A465-4822-A5C6-975359077C08}.Debug|x86.ActiveCfg = Debug|Win32
		{2D09ECD1-A465-4822-A5C6-975359077C08}.Debug|x86.Build.0 = Debug|Win32
		{2D09ECD1-A465-4822-A5C6-975359077C08}.Release|Any CPU.ActiveCfg = Release|Win32
		{2D09ECD1-A465-4822-A5C6-975359077C08}.Release|x64.ActiveCfg = Release|x64
		{2D09ECD1-A465-4822-A5C6-975359077C08}.Release|x64.Build.0 = Release|x64
		{2D09ECD1-A465-4822-A5C6-975359077C08}.Release|x86.ActiveCfg = Release|Win32
		{2D09ECD1-A465-4822-A5C6-975359077C08}.Release|x86.Build.0 = Release|Win32
		{F6F12409-8C3E-4F0B-B028-CCE6C6D61D5D}.Debug|Any CPU.ActiveCfg = Debug|Win32
		{F6F12409-8C3E-4F0B-B028-CCE6C6D61D5D}.Debug|x64.ActiveCfg = Debug|x64
		{F6F12409-8C3E-4F0B-B028-CCE6C6D61D5D}.Debug|x64.Build.0 = Debug|x64
		{F6F12409-8C3E-4F0B-B028-CCE6C6D61D5D}.Debug|x86.ActiveCfg = Debug|Win32
		{F6F12409-8C3E-4F0B-B028-CCE6C6D61D5D}.Debug|x86.Build.0 = Debug|Win32
		{F6F12409-8C3E-4F0B-B028-CCE6C6D61D5D}.Release|Any CPU.ActiveCfg = Release|Win32
		{F6F12409-8C3E-4F0B-B028-CCE6C6D61D5D}.Release|x64.ActiveCfg = Release|x64
		{F6F12409-8C3E-4F0B-B028-CCE6C6D61D5D}.Release|x64.Build.0 = Release|x64
		{F6F12409-8C3E-4F0B-B028-CCE6C6D61D5D}.Release|x86.ActiveCfg = Release|Win32
		{F6F12409-8C3E-4F0B-B028-CCE6C6D61D5D}.Release|x86.Build.0 = Release|Win32
		{7590FC01-7EE4-4EFC-BDE6-CFEEF6612E4E}.Debug|Any CPU.ActiveCfg = Debug|Win32
		{7590FC01-7EE4-4EFC-BDE6-CFEEF6612E4E}.Debug|x64.ActiveCfg = Debug|x64
		{7590FC01-7EE4-4EFC-BDE6-CFEEF6612E4E}.Debug|x64.Build.0 = Debug|x64
		{7590FC01-7EE4-4EFC-BDE6-CFEEF6612E4E}.Debug|x86.ActiveCfg = Debug|Win32
		{7590FC01-7EE4-4EFC-BDE6-CFEEF6612E4E}.Debug|x86.Build.0 = Debug|Win32
		{7590FC01-7EE4-4EFC-BDE6-CFEEF6612E4E}.Release|Any CPU.ActiveCfg = Release|Win32
		{7590FC01-7EE4-4EFC-BDE6-CFEEF6612E4E}.Release|x64.ActiveCfg = Release|x64
		{7590FC01-7EE4-4EFC-BDE6-CFEEF6612E4E}.Release|x64.Build.0 = Release|x64
		{7590FC01-7EE4-4EFC-BDE6-CFEEF6612E4E}.Release|x86.ActiveCfg = Release|Win32
		{7590FC01-7EE4-4EFC-BDE6-CFEEF6612E4E}.Release|x86.Build.0 = Release|Win32
		{DFAD8636-2562-471F-8F28-CC4B83A4DEE5}.Debug|Any CPU.ActiveCfg = Debug|Win32
		{DFAD8636-2562-471F-8F28-CC4B83A4DEE5}.Debug|x64.ActiveCfg = Debug|x64
		{DFAD8636-2562-471F-8F28-CC4B83A4DEE5}.Debug|x64.Build.0 = Debug|x64
		{DFAD8636-2562-471F-8F28-CC4B83A4DEE5}.Debug|x86.ActiveCfg = Debug|Win32
		{DFAD8636-2562-471F-8F28-CC4B83A4DEE5}.Debug|x86.Build.0 = Debug|Win32
		{DFAD8636-2562-471F-8F28-CC4B83A4DEE5}.Release|Any CPU.ActiveCfg = Release|Win32
		{DFAD8636-2562-471F-8F28-CC4B83A4DEE5}.Release|x64.ActiveCfg = Release|x64
		{DFAD8636-2562-471F-8F28-CC4B83A4DEE5}.Release|x64.Build.0 = Release|x64
		{DFAD8636-2562-471F-8F28-CC4B83A4DEE5}.Release|x86.ActiveCfg = Release|Win32
		{DFAD8636-2562-471F-8F28-CC4B83A4DEE5}.Release|x86.Build.0 = Release|Win32
		{3DEA0315-73E4-41DC-8611-33D51164CCEA}.Debug|Any CPU.ActiveCfg = Debug|Win32
		{3DEA0315-73E4-41DC-8611-33D51164CCEA}.Debug|x64.ActiveCfg = Debug|x64
		{3DEA0315-73E4-41DC-8611-33D51164CCEA}.Debug|x64.Build.0 = Debug|x64
		{3DEA0315-73E4-41DC-8611-33D51164CCEA}.Debug|x86.ActiveCfg = Debug|Win32
		{3DEA0315-73E4-41DC-8611-33D51164CCEA}.Debug|x86.Build.0 = Debug|Win32
		{3DEA0315-73E4-41DC-8611-33D51164CCEA}.Release|Any CPU.ActiveCfg = Release|Win32
		{3DEA0315-73E4-41DC-8611-33D51164CCEA}.Release|x64.ActiveCfg = Release|x64
		{3DEA0315-73E4-41DC-8611-33D51164CCEA}.Release|x64.Build.0 = Release|x64
		{3DEA0315-73E4-41DC-8611-33D51164CCEA}.Release|x86.ActiveCfg = Release|Win32
		{3DEA0315-73E4-41DC-8611-33D51164CCEA}.Release|x86.Build.0 = Release|Win32
		{D39CD76A-7FF6-42C9-994A-FA6CCEE74F53}.Debug|Any CPU.ActiveCfg = Debug|Win32
		{D39CD76A-7FF6-42C9-994A-FA6CCEE74F53}.Debug|x64.ActiveCfg = Debug|x64
		{D39CD76A-7FF6-42C9-994A-FA6CCEE74F53}.Debug|x64.Build.0 = Debug|x64
		{D39CD76A-7FF6-42C9-994A-FA6CCEE74F53}.Debug|x86.ActiveCfg = Debug|Win32
		{D39CD76A-7FF6-42C9-994A-FA6CCEE74F53}.Debug|x86.Build.0 = Debug|Win32
		{D39CD76A-7FF6-42C9-994A-FA6CCEE74F53}.Release|Any CPU.ActiveCfg = Release|Win32
		{D39CD76A-7FF6-42C9-994A-FA6CCEE74F53}.Release|x64.ActiveCfg = Release|x64
		{D39CD76A-7FF6-42C9-994A-FA6CCEE74F53}.Release|x64.Build.0 = Release|x64
		{D39CD76A-7FF6-42C9-994A-FA6CCEE74F53}.Release|x86.ActiveCfg = Release|Win32
		{D39CD76A-7FF6-42C9-994A-FA6CCEE74F53}.Release|x86.Build.0 = Release|Win32
		{CA4F7B25-1E48-4F6E-96F8-162612437C54}.Debug|Any CPU.ActiveCfg = Debug|Win32
		{CA4F7B25-1E48-4F6E-96F8-162612437C54}.Debug|x64.ActiveCfg = Debug|x64
		{CA4F7B25-1E48-4F6E-96F8-162612437C54}.Debug|x64.Build.0 = Debug|x64
		{CA4F7B25-1E48-4F6E-96F8-162612437C54}.Debug|x86.ActiveCfg = Debug|Win32
		{CA4F7B25-1E48-4F6E-96F8-162612437C54}.Debug|x86.Build.0 = Debug|Win32
		{CA4F7B25-1E48-4F6E-96F8-162612437C54}.Release|Any CPU.ActiveCfg = Release|Win32
		{CA4F7B25-1E48-4F6E-96F8-162612437C54}.Release|x64.ActiveCfg = Release|x64
		{CA4F7B25-1E48-4F6E-96F8-162612437C54}.Release|x64.Build.0 = Release|x64
		{CA4F7B25-1E48-4F6E-96F8-162612437C54}.Release|x86.ActiveCfg = Release|Win32
		{CA4F7B25-1E48-4F6E-96F8-162612437C54}.Release|x86.Build.0 = Release|Win32
		{3FB4BAA4-495B-4DA5-94CE-A1343BD76B9D}.Debug|Any CPU.ActiveCfg = Debug|Win32
		{3FB4BAA4-495B-4DA5-94CE-A1343BD76B9D}.Debug|x64.ActiveCfg = Debug|x64
		{3FB4BAA4-495B-4DA5-94CE-A1343BD76B9D}.Debug|x64.Build.0 = Debug|x64
		{3FB4BAA4-495B-4DA5-94CE-A1343BD76B9D}.Debug|x86.ActiveCfg = Debug|Win32
		{3FB4BAA4-495B-4DA5-94CE-A1343BD76B9D}.Debug|x86.Build.0 = Debug|Win32
		{3FB4BAA4-495B-4DA5-94CE-A1343BD76B9D}.Release|Any CPU.ActiveCfg = Release|Win32
		{3FB4BAA4-495B-4DA5-94CE-A1343BD76B9D}.Release|x64.ActiveCfg = Release|x64
		{3FB4BAA4-495B-4DA5-94CE-A1343BD76B9D}.Release|x64.Build.0 = Release|x64
		{3FB4BAA4-495B-4DA5-94CE-A1343BD76B9D}.Release|x86.ActiveCfg = Release|Win32
		{3FB4BAA4-495B-4DA5-94CE-A1343BD76B9D}.Release|x86.Build.0 = Release|Win32
		{7AAE85F8-D902-4A18-9BF8-D1AE016B3414}.Debug|Any CPU.ActiveCfg = Debug|Win32
		{7AAE85F8-D902-4A18-9BF8-D1AE016B3414}.Debug|x64.ActiveCfg = Debug|x64
		{7AAE85F8-D902-4A18-9BF8-D1AE016B3414}.Debug|x64.Build.0 = Debug|x64
		{7AAE85F8-D902-4A18-9BF8-D1AE016B3414}.Debug|x86.ActiveCfg = Debug|Win32
		{7AAE85F8-D902-4A18-9BF8-D1AE016B3414}.Debug|x86.Build.0 = Debug|Win32
		{7AAE85F8-D902-4A18-9BF8-D1AE016B3414}.Release|Any CPU.ActiveCfg = Release|Win32
		{7AAE85F8-D902-4A18-9BF8-D1AE016B3414}.Release|x64.ActiveCfg = Release|x64
		{7AAE85F8-D902-4A18-9BF8-D1AE016B3414}.Release|x64.Build.0 = Release|x64
		{7AAE85F8-D902-4A18-9BF8-D1AE016B3414}.Release|x86.ActiveCfg = Release|Win32
		{7AAE85F8-D902-4A18-9BF8-D1AE016B3414}.Release|x86.Build.0 = Release|Win32
		{83DD9A32-B2CB-4844-AF1B-D4713D352F8B}.Debug|Any CPU.ActiveCfg = Debug|Win32
		{83DD9A32-B2CB-4844-AF1B-D4713D352F8B}.Debug|x64.ActiveCfg = Debug|x64
		{83DD9A32-B2CB-4844-AF1B-D4713D352F8B}.Debug|x64.Build.0 = Debug|x64
		{83DD9A32-B2CB-4844-AF1B-D4713D352F8B}.Debug|x86.ActiveCfg = Debug|Win32
		{83DD9A32-B2CB-4844-AF1B-D4713D352F8B}.Debug|x86.Build.0 = Debug|Win32
		{83DD9A32-B2CB-4844-AF1B-D4713D352F8B}.Release|Any CPU.ActiveCfg = Release|Win32
		{83DD9A32-B2CB-4844-AF1B-D4713D352F8B}.Release|x64.ActiveCfg = Release|x64
		{83DD9A32-B2CB-4844-AF1B-D4713D352F8B}.Release|x64.Build.0 = Release|x64
		{83DD9A32-B2CB-4844-AF1B-D4713D352F8B}.Release|x86.ActiveCfg = Release|Win32
		{83DD9A32-B2CB-4844-AF1B-D4713D352F8B}.Release|x86.Build.0 = Release|Win32
		{05B3AF9A-8ADE-4701-8713-F057ACF55EFB}.Debug|Any CPU.ActiveCfg = Debug|Win32
		{05B3AF9A-8ADE-4701-8713-F057ACF55EFB}.Debug|x64.ActiveCfg = Debug|x64
		{05B3AF9A-8ADE-4701-8713-F057ACF55EFB}.Debug|x64.Build.0 = Debug|x64
		{05B3AF9A-8ADE-4701-8713-F057ACF55EFB}.Debug|x86.ActiveCfg = Debug|Win32
		{05B3AF9A-8ADE-4701-8713-F057ACF55EFB}.Debug|x86.Build.0 = Debug|Win32
		{05B3AF9A-8ADE-4701-8713-F057ACF55EFB}.Release|Any CPU.ActiveCfg = Release|Win32
		{05B3AF9A-8ADE-4701-8713-F057ACF55EFB}.Release|x64.ActiveCfg = Release|x64
		{05B3AF9A-8ADE-4701-8713-F057ACF55EFB}.Release|x64.Build.0 = Release|x64
		{05B3AF9A-8ADE-4701-8713-F057ACF55EFB}.Release|x86.ActiveCfg = Release|Win32
		{05B3AF9A-8ADE-4701-8713-F057ACF55EFB}.Release|x86.Build.0 = Release|Win32
		{5E9BB0E3-6402-4733-9BE2-8C0DCC193600}.Debug|Any CPU.ActiveCfg = Debug|Win32
		{5E9BB0E3-6402-4733-9BE2-8C0DCC193600}.Debug|x64.ActiveCfg = Debug|x64
		{5E9BB0E3-6402-4733-9BE2-8C0DCC193600}.Debug|x64.Build.0 = Debug|x64
		{5E9BB0E3-6402-4733-9BE2-8C0DCC193600}.Debug|x86.ActiveCfg = Debug|Win32
		{5E9BB0E3-6402-4733-9BE2-8C0DCC193600}.Debug|x86.Build.0 = Debug|Win32
		{5E9BB0E3-6402-4733-9BE2-8C0DCC193600}.Release|Any CPU.ActiveCfg = Release|Win32
		{5E9BB0E3-6402-4733-9BE2-8C0DCC193600}.Release|x64.ActiveCfg = Release|x64
		{5E9BB0E3-6402-4733-9BE2-8C0DCC193600}.Release|x64.Build.0 = Release|x64
		{5E9BB0E3-6402-4733-9BE2-8C0DCC193600}.Release|x86.ActiveCfg = Release|Win32
		{5E9BB0E3-6402-4733-9BE2-8C0DCC193600}.Release|x86.Build.0 = Release|Win32
		{95DCDEEB-0822-456C-BEA9-329CBDA54FC1}.Debug|Any CPU.ActiveCfg = Debug|Win32
		{95DCDEEB-0822-456C-BEA9-329CBDA54FC1}.Debug|x64.ActiveCfg = Debug|x64
		{95DCDEEB-0822-456C-BEA9-329CBDA54FC1}.Debug|x64.Build.0 = Debug|x64
		{95DCDEEB-0822-456C-BEA9-329CBDA54FC1}.Debug|x86.ActiveCfg = Debug|Win32
		{95DCDEEB-0822-456C-BEA9-329CBDA54FC1}.Debug|x86.Build.0 = Debug|Win32
		{95DCDEEB-0822-456C-BEA9-329CBDA54FC1}.Release|Any CPU.ActiveCfg = Release|Win32
		{95DCDEEB-0822-456C-BEA9-329CBDA54FC1}.Release|x64.ActiveCfg = Release|x64
		{95DCDEEB-0822-456C-BEA9-329CBDA54FC1}.Release|x64.Build.0 = Release|x64
		{95DCDEEB-0822-456C-BEA9-329CBDA54FC1}.Release|x86.ActiveCfg = Release|Win32
		{95DCDEEB-0822-456C-BEA9-329CBDA54FC1}.Release|x86.Build.0 = Release|Win32
		{34999312-CEEA-4647-ADBF-B2F8E57B771F}.Debug|Any CPU.ActiveCfg = Debug|Win32
		{34999312-CEEA-4647-ADBF-B2F8E57B771F}.Debug|x64.ActiveCfg = Debug|x64
		{34999312-CEEA-4647-ADBF-B2F8E57B771F}.Debug|x64.Build.0 = Debug|x64
		{34999312-CEEA-4647-ADBF-B2F8E57B771F}.Debug|x86.ActiveCfg = Debug|Win32
		{34999312-CEEA-4647-ADBF-B2F8E57B771F}.Debug|x86.Build.0 = Debug|Win32
		{34999312-CEEA-4647-ADBF-B2F8E57B771F}.Release|Any CPU.ActiveCfg = Release|Win32
		{34999312-CEEA-4647-ADBF-B2F8E57B771F}.Release|x64.ActiveCfg = Release|x64
		{34999312-CEEA-4647-ADBF-B2F8E57B771F}.Release|x64.Build.0 = Release|x64
		{34999312-CEEA-4647-ADBF-B2F8E57B771F}.Release|x86.ActiveCfg = Release|Win32
		{34999312-CEEA-4647-ADBF-B2F8E57B771F}.Release|x86.Build.0 = Release|Win32
		{3D48B1A2-71FA-46DB-8EFF-4812F3A10A16}.Debug|Any CPU.ActiveCfg = Debug|Win32
		{3D48B1A2-71FA-46DB-8EFF-4812F3A10A16}.Debug|x64.ActiveCfg = Debug|x64
		{3D48B1A2-71FA-46DB-8EFF-4812F3A10A16}.Debug|x64.Build.0 = Debug|x64
		{3D48B1A2-71FA-46DB-8EFF-4812F3A10A16}.Debug|x86.ActiveCfg = Debug|Win32
		{3D48B1A2-71FA-46DB-8EFF-4812F3A10A16}.Debug|x86.Build.0 = Debug|Win32
		{3D48B1A2-71FA-46DB-8EFF-4812F3A10A16}.Release|Any CPU.ActiveCfg = Release|Win32
		{3D48B1A2-71FA-46DB-8EFF-4812F3A10A16}.Release|x64.ActiveCfg = Release|x64
		{3D48B1A2-71FA-46DB-8EFF-4812F3A10A16}.Release|x64.Build.0 = Release|x64
		{3D48B1A2-71FA-46DB-8EFF-4812F3A10A16}.Release|x86.ActiveCfg = Release|Win32
		{3D48B1A2-71FA-46DB-8EFF-4812F3A10A16}.Release|x86.Build.0 = Release|Win32
		{A7359EC9-7DB5-44A1-91A5-38F499DA6D23}.Debug|Any CPU.ActiveCfg = Debug|Win32
		{A7359EC9-7DB5-44A1-91A5-38F499DA6D23}.Debug|x64.ActiveCfg = Debug|x64
		{A7359EC9-7DB5-44A1-91A5-38F499DA6D23}.Debug|x64.Build.0 = Debug|x64
		{A7359EC9-7DB5-44A1-91A5-38F499DA6D23}.Debug|x86.ActiveCfg = Debug|Win32
		{A7359EC9-7DB5-44A1-91A5-38F499DA6D23}.Debug|x86.Build.0 = Debug|Win32
		{A7359EC9-7DB5-44A1-91A5-38F499DA6D23}.Release|Any CPU.ActiveCfg = Release|Win32
		{A7359EC9-7DB5-44A1-91A5-38F499DA6D23}.Release|x64.ActiveCfg = Release|x64
		{A7359EC9-7DB5-44A1-91A5-38F499DA6D23}.Release|x64.Build.0 = Release|x64
		{A7359EC9-7DB5-44A1-91A5-38F499DA6D23}.Release|x86.ActiveCfg = Release|Win32
		{A7359EC9-7DB5-44A1-91A5-38F499DA6D23}.Release|x86.Build.0 = Release|Win32
		{64B56147-7D6C-4DE0-AD98-818BBB8F95ED}.Debug|Any CPU.ActiveCfg = Debug|Win32
		{64B56147-7D6C-4DE0-AD98-818BBB8F95ED}.Debug|x64.ActiveCfg = Debug|x64
		{64B56147-7D6C-4DE0-AD98-818BBB8F95ED}.Debug|x64.Build.0 = Debug|x64
		{64B56147-7D6C-4DE0-AD98-818BBB8F95ED}.Debug|x86.ActiveCfg = Debug|Win32
		{64B56147-7D6C-4DE0-AD98-818BBB8F95ED}.Debug|x86.Build.0 = Debug|Win32
		{64B56147-7D6C-4DE0-AD98-818BBB8F95ED}.Release|Any CPU.ActiveCfg = Release|Win32
		{64B56147-7D6C-4DE0-AD98-818BBB8F95ED}.Release|x64.ActiveCfg = Release|x64
		{64B56147-7D6C-4DE0-AD98-818BBB8F95ED}.Release|x64.Build.0 = Release|x64
		{64B56147-7D6C-4DE0-AD98-818BBB8F95ED}.Release|x86.ActiveCfg = Release|Win32
		{64B56147-7D6C-4DE0-AD98-818BBB8F95ED}.Release|x86.Build.0 = Release|Win32
		{37ECFCB6-A93B-4074-AE6A-A2153BA5F785}.Debug|Any CPU.ActiveCfg = Debug|Win32
		{37ECFCB6-A93B-4074-AE6A-A2153BA5F785}.Debug|x64.ActiveCfg = Debug|x64
		{37ECFCB6-A93B-4074-AE6A-A2153BA5F785}.Debug|x64.Build.0 = Debug|x64
		{37ECFCB6-A93B-4074-AE6A-A2153BA5F785}.Debug|x86.ActiveCfg = Debug|Win32
		{37ECFCB6-A93B-4074-AE6A-A2153BA5F785}.Debug|x86.Build.0 = Debug|Win32
		{37ECFCB6-A93B-4074-AE6A-A2153BA5F785}.Release|Any CPU.ActiveCfg = Release|Win32
		{37ECFCB6-A93B-4074-AE6A-A2153BA5F785}.Release|x64.ActiveCfg = Release|x64
		{37ECFCB6-A93B-4074-AE6A-A2153BA5F785}.Release|x64.Build.0 = Release|x64
		{37ECFCB6-A93B-4074-AE6A-A2153BA5F785}.Release|x86.ActiveCfg = Release|Win32
		{37ECFCB6-A93B-4074-AE6A-A2153BA5F785}.Release|x86.Build.0 = Release|Win32
		{EEF858F3-4213-4AD1-8B5E-F96711C73375}.Debug|Any CPU.ActiveCfg = Debug|Win32
		{EEF858F3-4213-4AD1-8B5E-F96711C73375}.Debug|x64.ActiveCfg = Debug|x64
		{EEF858F3-4213-4AD1-8B5E-F96711C73375}.Debug|x64.Build.0 = Debug|x64
		{EEF858F3-4213-4AD1-8B5E-F96711C73375}.Debug|x86.ActiveCfg = Debug|Win32
		{EEF858F3-4213-4AD1-8B5E-F96711C73375}.Debug|x86.Build.0 = Debug|Win32
		{EEF858F3-4213-4AD1-8B5E-F96711C73375}.Release|Any CPU.ActiveCfg = Release|Win32
		{EEF858F3-4213-4AD1-8B5E-F96711C73375}.Release|x64.ActiveCfg = Release|x64
		{EEF858F3-4213-4AD1-8B5E-F96711C73375}.Release|x64.Build.0 = Release|x64
		{EEF858F3-4213-4AD1-8B5E-F96711C73375}.Release|x86.ActiveCfg = Release|Win32
		{EEF858F3-4213-4AD1-8B5E-F96711C73375}.Release|x86.Build.0 = Release|Win32
		{3A5FE728-9B1B-45E0-9A3D-D8D6CC6D3789}.Debug|Any CPU.ActiveCfg = Debug|Win32
		{3A5FE728-9B1B-45E0-9A3D-D8D6CC6D3789}.Debug|x64.ActiveCfg = Debug|x64
		{3A5FE728-9B1B-45E0-9A3D-D8D6CC6D3789}.Debug|x64.Build.0 = Debug|x64
		{3A5FE728-9B1B-45E0-9A3D-D8D6CC6D3789}.Debug|x86.ActiveCfg = Debug|Win32
		{3A5FE728-9B1B-45E0-9A3D-D8D6CC6D3789}.Debug|x86.Build.0 = Debug|Win32
		{3A5FE728-9B1B-45E0-9A3D-D8D6CC6D3789}.Release|Any CPU.ActiveCfg = Release|Win32
		{3A5FE728-9B1B-45E0-9A3D-D8D6CC6D3789}.Release|x64.ActiveCfg = Release|x64
		{3A5FE728-9B1B-45E0-9A3D-D8D6CC6D3789}.Release|x64.Build.0 = Release|x64
		{3A5FE728-9B1B-45E0-9A3D-D8D6CC6D3789}.Release|x86.ActiveCfg = Release|Win32
		{3A5FE728-9B1B-45E0-9A3D-D8D6CC6D3789}.Release|x86.Build.0 = Release|Win32
	EndGlobalSection
	GlobalSection(SolutionProperties) = preSolution
		HideSolutionNode = FALSE
	EndGlobalSection
	GlobalSection(NestedProjects) = preSolution
		{B44E53B6-C6FE-457B-9821-939A73F6D13B} = {6ADB194D-8A03-4B4D-B652-28EF8189FCF9}
		{D2C6FD95-A1F3-41C1-A159-8E75EF1F1670} = {1FCF86D9-A248-4ADE-B959-C29F53C98EE6}
		{77EE4CA3-EE28-4A03-ABEE-D75DC1B27504} = {1FCF86D9-A248-4ADE-B959-C29F53C98EE6}
		{EF10A818-9AA4-4B71-B547-C13201CF64DE} = {1FCF86D9-A248-4ADE-B959-C29F53C98EE6}
		{61F72EA0-DB8F-4ADD-99BF-F0D5CF3BE557} = {793333D8-3C6F-4840-AFFC-5833D45FC36A}
		{FBB577C2-7487-401B-B370-6419FEC3234C} = {1FCF86D9-A248-4ADE-B959-C29F53C98EE6}
		{FBC35C3C-2502-44BC-A7C8-210AED0CA185} = {793333D8-3C6F-4840-AFFC-5833D45FC36A}
		{5C40E21D-A45B-4B48-B96C-71DD2B804C65} = {1FCF86D9-A248-4ADE-B959-C29F53C98EE6}
		{D678446C-0423-4480-938F-FCDDF6975AE1} = {6ADB194D-8A03-4B4D-B652-28EF8189FCF9}
		{6584E0DF-8C8E-4534-8F48-06B5F5724F0D} = {D678446C-0423-4480-938F-FCDDF6975AE1}
		{51AFB411-257D-402D-9D21-F38CA7ABEBAF} = {D678446C-0423-4480-938F-FCDDF6975AE1}
		{CC5A6385-0214-4596-9603-C5096C81CE80} = {6ADB194D-8A03-4B4D-B652-28EF8189FCF9}
		{67B6109E-931E-49D9-AE86-5180B40F0250} = {1FCF86D9-A248-4ADE-B959-C29F53C98EE6}
		{929480E7-23C0-4DF6-8456-096D71547116} = {D9AEE199-F62C-4294-B8B2-FA014D4140A0}
		{012DFF48-A13F-4F52-B07B-F8B9D21CE95B} = {D9AEE199-F62C-4294-B8B2-FA014D4140A0}
		{B196D047-772B-469B-A50E-77DF04A7F83A} = {D9AEE199-F62C-4294-B8B2-FA014D4140A0}
		{07A13F19-470F-4AAD-94BA-0CAC9AE5BFC2} = {D9AEE199-F62C-4294-B8B2-FA014D4140A0}
		{8BF2B34E-DB2E-49E9-8991-0371AB438E73} = {D9AEE199-F62C-4294-B8B2-FA014D4140A0}
		{A18A4A6C-E9B5-46EB-A6B4-755689A0D12A} = {D9AEE199-F62C-4294-B8B2-FA014D4140A0}
		{5134698A-7953-430B-8070-BF256CE827C6} = {D9AEE199-F62C-4294-B8B2-FA014D4140A0}
		{ED42E672-4A22-49F4-BC76-6D734CB17719} = {D9AEE199-F62C-4294-B8B2-FA014D4140A0}
		{B9F430F1-5090-440C-BEA4-C4429E2CF9E6} = {D9AEE199-F62C-4294-B8B2-FA014D4140A0}
		{B9E05D5D-13AC-40DD-BFF9-C3D08FFB0AB5} = {D9AEE199-F62C-4294-B8B2-FA014D4140A0}
		{AF98EFE9-49AF-4A2A-A3CB-5A46C4F3557F} = {D9AEE199-F62C-4294-B8B2-FA014D4140A0}
		{2D09ECD1-A465-4822-A5C6-975359077C08} = {D9AEE199-F62C-4294-B8B2-FA014D4140A0}
		{F6F12409-8C3E-4F0B-B028-CCE6C6D61D5D} = {D9AEE199-F62C-4294-B8B2-FA014D4140A0}
		{7590FC01-7EE4-4EFC-BDE6-CFEEF6612E4E} = {D9AEE199-F62C-4294-B8B2-FA014D4140A0}
		{DFAD8636-2562-471F-8F28-CC4B83A4DEE5} = {D9AEE199-F62C-4294-B8B2-FA014D4140A0}
		{3DEA0315-73E4-41DC-8611-33D51164CCEA} = {D9AEE199-F62C-4294-B8B2-FA014D4140A0}
		{D39CD76A-7FF6-42C9-994A-FA6CCEE74F53} = {D9AEE199-F62C-4294-B8B2-FA014D4140A0}
		{CA4F7B25-1E48-4F6E-96F8-162612437C54} = {D9AEE199-F62C-4294-B8B2-FA014D4140A0}
		{74B03C9A-9A6E-45CE-9489-F9EEDC92D12C} = {B44E53B6-C6FE-457B-9821-939A73F6D13B}
		{3FB4BAA4-495B-4DA5-94CE-A1343BD76B9D} = {D9AEE199-F62C-4294-B8B2-FA014D4140A0}
		{7AAE85F8-D902-4A18-9BF8-D1AE016B3414} = {D9AEE199-F62C-4294-B8B2-FA014D4140A0}
		{83DD9A32-B2CB-4844-AF1B-D4713D352F8B} = {D9AEE199-F62C-4294-B8B2-FA014D4140A0}
		{05B3AF9A-8ADE-4701-8713-F057ACF55EFB} = {D9AEE199-F62C-4294-B8B2-FA014D4140A0}
		{5E9BB0E3-6402-4733-9BE2-8C0DCC193600} = {D9AEE199-F62C-4294-B8B2-FA014D4140A0}
		{95DCDEEB-0822-456C-BEA9-329CBDA54FC1} = {D9AEE199-F62C-4294-B8B2-FA014D4140A0}
		{34999312-CEEA-4647-ADBF-B2F8E57B771F} = {6ADB194D-8A03-4B4D-B652-28EF8189FCF9}
		{3D48B1A2-71FA-46DB-8EFF-4812F3A10A16} = {D9AEE199-F62C-4294-B8B2-FA014D4140A0}
		{A7359EC9-7DB5-44A1-91A5-38F499DA6D23} = {D9AEE199-F62C-4294-B8B2-FA014D4140A0}
		{00C9D63A-C867-4962-810A-BB64AB8C7D94} = {74B03C9A-9A6E-45CE-9489-F9EEDC92D12C}
		{779F91F8-1612-4168-8763-38502B3E5CB4} = {D678446C-0423-4480-938F-FCDDF6975AE1}
		{64B56147-7D6C-4DE0-AD98-818BBB8F95ED} = {D9AEE199-F62C-4294-B8B2-FA014D4140A0}
		{37ECFCB6-A93B-4074-AE6A-A2153BA5F785} = {D9AEE199-F62C-4294-B8B2-FA014D4140A0}
		{EEF858F3-4213-4AD1-8B5E-F96711C73375} = {D9AEE199-F62C-4294-B8B2-FA014D4140A0}
		{3A5FE728-9B1B-45E0-9A3D-D8D6CC6D3789} = {D9AEE199-F62C-4294-B8B2-FA014D4140A0}
	EndGlobalSection
	GlobalSection(ExtensibilityGlobals) = postSolution
		SolutionGuid = {0DDFA60B-2CEE-413C-BCC3-2271BFA7E83F}
	EndGlobalSection
EndGlobal
